
Microsoft Visual Studio Solution File, Format Version 12.00
# Visual Studio Version 17
VisualStudioVersion = 17.12.35527.113 d17.12
MinimumVisualStudioVersion = 10.0.40219.1
Project("{FAE04EC0-301F-11D3-BF4B-00C04F79EFBC}") = "ApiNight.EntityLayer", "ApiNight.EntityLayer\ApiNight.EntityLayer.csproj", "{6700835F-B70A-454F-9602-3C81B4949F12}"
EndProject
Project("{FAE04EC0-301F-11D3-BF4B-00C04F79EFBC}") = "ApiNight.DataAccessLayer", "ApiNight.DataAccessLayer\ApiNight.DataAccessLayer.csproj", "{A61B2D26-F93D-4E43-996B-A0893D2C11C0}"
EndProject
Project("{FAE04EC0-301F-11D3-BF4B-00C04F79EFBC}") = "ApiNight.BusinessLayer", "ApiNight.BusinessLayer\ApiNight.BusinessLayer.csproj", "{6A45369F-E20C-458A-9EDF-F450F73EC255}"
EndProject
Project("{FAE04EC0-301F-11D3-BF4B-00C04F79EFBC}") = "ApiNight.WebApi", "ApiNight.WebApi\ApiNight.WebApi.csproj", "{5CF1B1F8-C86D-42BF-B0AD-262FD20E8967}"
EndProject
Global
	GlobalSection(SolutionConfigurationPlatforms) = preSolution
		Debug|Any CPU = Debug|Any CPU
		Release|Any CPU = Release|Any CPU
	EndGlobalSection
	GlobalSection(ProjectConfigurationPlatforms) = postSolution
		{6700835F-B70A-454F-9602-3C81B4949F12}.Debug|Any CPU.ActiveCfg = Debug|Any CPU
		{6700835F-B70A-454F-9602-3C81B4949F12}.Debug|Any CPU.Build.0 = Debug|Any CPU
		{6700835F-B70A-454F-9602-3C81B4949F12}.Release|Any CPU.ActiveCfg = Release|Any CPU
		{6700835F-B70A-454F-9602-3C81B4949F12}.Release|Any CPU.Build.0 = Release|Any CPU
		{A61B2D26-F93D-4E43-996B-A0893D2C11C0}.Debug|Any CPU.ActiveCfg = Debug|Any CPU
		{A61B2D26-F93D-4E43-996B-A0893D2C11C0}.Debug|Any CPU.Build.0 = Debug|Any CPU
		{A61B2D26-F93D-4E43-996B-A0893D2C11C0}.Release|Any CPU.ActiveCfg = Release|Any CPU
		{A61B2D26-F93D-4E43-996B-A0893D2C11C0}.Release|Any CPU.Build.0 = Release|Any CPU
		{6A45369F-E20C-458A-9EDF-F450F73EC255}.Debug|Any CPU.ActiveCfg = Debug|Any CPU
		{6A45369F-E20C-458A-9EDF-F450F73EC255}.Debug|Any CPU.Build.0 = Debug|Any CPU
		{6A45369F-E20C-458A-9EDF-F450F73EC255}.Release|Any CPU.ActiveCfg = Release|Any CPU
		{6A45369F-E20C-458A-9EDF-F450F73EC255}.Release|Any CPU.Build.0 = Release|Any CPU
		{5CF1B1F8-C86D-42BF-B0AD-262FD20E8967}.Debug|Any CPU.ActiveCfg = Debug|Any CPU
		{5CF1B1F8-C86D-42BF-B0AD-262FD20E8967}.Debug|Any CPU.Build.0 = Debug|Any CPU
		{5CF1B1F8-C86D-42BF-B0AD-262FD20E8967}.Release|Any CPU.ActiveCfg = Release|Any CPU
		{5CF1B1F8-C86D-42BF-B0AD-262FD20E8967}.Release|Any CPU.Build.0 = Release|Any CPU
	EndGlobalSection
	GlobalSection(SolutionProperties) = preSolution
		HideSolutionNode = FALSE
	EndGlobalSection
EndGlobal
